
Microsoft Visual Studio Solution File, Format Version 12.00
# Visual Studio Version 16
VisualStudioVersion = 16.0.30804.86
MinimumVisualStudioVersion = 10.0.40219.1
Project("{9A19103F-16F7-4668-BE54-9A1E7A4F7556}") = "Skrabbl.API", "Skrabbl.API\Skrabbl.API.csproj", "{CDBE4D98-965D-4EFC-B51C-FDA74B584A18}"
EndProject
Project("{9A19103F-16F7-4668-BE54-9A1E7A4F7556}") = "Skrabbl.DataAccess", "Skrabbl.DataAccess\Skrabbl.DataAccess.csproj", "{43267F76-5747-479F-8F14-DED63EF2FC06}"
EndProject
Project("{9A19103F-16F7-4668-BE54-9A1E7A4F7556}") = "Skrabbl.Model", "Skrabbl.Model\Skrabbl.Model.csproj", "{77D61A8C-2D17-4319-9645-7DEE87B2F670}"
EndProject
Project("{9A19103F-16F7-4668-BE54-9A1E7A4F7556}") = "Skrabbl.GameClient", "Skrabbl.GameClient\Skrabbl.GameClient.csproj", "{59BA3DFF-8720-4877-8B72-B88B5E54E73C}"
EndProject
Project("{9092AA53-FB77-4645-B42D-1CCCA6BD08BD}") = "Skrabbl.Web", "Skrabbl.Web\Skrabbl.Web.njsproj", "{2FC2BFAD-D7F3-4784-A9F7-58399CF9A58E}"
EndProject
Project("{FAE04EC0-301F-11D3-BF4B-00C04F79EFBC}") = "Skrabbl.TestDataAccess", "Skrabbl.TestDataAccess\Skrabbl.TestDataAccess.csproj", "{6483FDDC-DC60-49A9-952A-E5B0AC0C6FDF}"
EndProject
Project("{FAE04EC0-301F-11D3-BF4B-00C04F79EFBC}") = "Skrabbl.DataAccess.Test", "Skrabbl.DataAccess.Test\Skrabbl.DataAccess.Test.csproj", "{97B4614C-FB88-48D2-A5D7-865E8CBAC97B}"
EndProject
Global
	GlobalSection(SolutionConfigurationPlatforms) = preSolution
		Debug|Any CPU = Debug|Any CPU
		Release|Any CPU = Release|Any CPU
	EndGlobalSection
	GlobalSection(ProjectConfigurationPlatforms) = postSolution
		{CDBE4D98-965D-4EFC-B51C-FDA74B584A18}.Debug|Any CPU.ActiveCfg = Debug|Any CPU
		{CDBE4D98-965D-4EFC-B51C-FDA74B584A18}.Debug|Any CPU.Build.0 = Debug|Any CPU
		{CDBE4D98-965D-4EFC-B51C-FDA74B584A18}.Release|Any CPU.ActiveCfg = Release|Any CPU
		{CDBE4D98-965D-4EFC-B51C-FDA74B584A18}.Release|Any CPU.Build.0 = Release|Any CPU
		{43267F76-5747-479F-8F14-DED63EF2FC06}.Debug|Any CPU.ActiveCfg = Debug|Any CPU
		{43267F76-5747-479F-8F14-DED63EF2FC06}.Debug|Any CPU.Build.0 = Debug|Any CPU
		{43267F76-5747-479F-8F14-DED63EF2FC06}.Release|Any CPU.ActiveCfg = Release|Any CPU
		{43267F76-5747-479F-8F14-DED63EF2FC06}.Release|Any CPU.Build.0 = Release|Any CPU
		{77D61A8C-2D17-4319-9645-7DEE87B2F670}.Debug|Any CPU.ActiveCfg = Debug|Any CPU
		{77D61A8C-2D17-4319-9645-7DEE87B2F670}.Debug|Any CPU.Build.0 = Debug|Any CPU
		{77D61A8C-2D17-4319-9645-7DEE87B2F670}.Release|Any CPU.ActiveCfg = Release|Any CPU
		{77D61A8C-2D17-4319-9645-7DEE87B2F670}.Release|Any CPU.Build.0 = Release|Any CPU
		{59BA3DFF-8720-4877-8B72-B88B5E54E73C}.Debug|Any CPU.ActiveCfg = Debug|Any CPU
		{59BA3DFF-8720-4877-8B72-B88B5E54E73C}.Debug|Any CPU.Build.0 = Debug|Any CPU
		{59BA3DFF-8720-4877-8B72-B88B5E54E73C}.Release|Any CPU.ActiveCfg = Release|Any CPU
		{59BA3DFF-8720-4877-8B72-B88B5E54E73C}.Release|Any CPU.Build.0 = Release|Any CPU
		{2FC2BFAD-D7F3-4784-A9F7-58399CF9A58E}.Debug|Any CPU.ActiveCfg = Debug|Any CPU
		{2FC2BFAD-D7F3-4784-A9F7-58399CF9A58E}.Debug|Any CPU.Build.0 = Debug|Any CPU
		{2FC2BFAD-D7F3-4784-A9F7-58399CF9A58E}.Release|Any CPU.ActiveCfg = Release|Any CPU
		{2FC2BFAD-D7F3-4784-A9F7-58399CF9A58E}.Release|Any CPU.Build.0 = Release|Any CPU
		{6483FDDC-DC60-49A9-952A-E5B0AC0C6FDF}.Debug|Any CPU.ActiveCfg = Debug|Any CPU
		{6483FDDC-DC60-49A9-952A-E5B0AC0C6FDF}.Debug|Any CPU.Build.0 = Debug|Any CPU
		{6483FDDC-DC60-49A9-952A-E5B0AC0C6FDF}.Release|Any CPU.ActiveCfg = Release|Any CPU
		{6483FDDC-DC60-49A9-952A-E5B0AC0C6FDF}.Release|Any CPU.Build.0 = Release|Any CPU
		{97B4614C-FB88-48D2-A5D7-865E8CBAC97B}.Debug|Any CPU.ActiveCfg = Debug|Any CPU
		{97B4614C-FB88-48D2-A5D7-865E8CBAC97B}.Debug|Any CPU.Build.0 = Debug|Any CPU
		{97B4614C-FB88-48D2-A5D7-865E8CBAC97B}.Release|Any CPU.ActiveCfg = Release|Any CPU
		{97B4614C-FB88-48D2-A5D7-865E8CBAC97B}.Release|Any CPU.Build.0 = Release|Any CPU
	EndGlobalSection
	GlobalSection(SolutionProperties) = preSolution
		HideSolutionNode = FALSE
	EndGlobalSection
	GlobalSection(ExtensibilityGlobals) = postSolution
		SolutionGuid = {95C9D806-06AB-4AE8-8284-1BF5DD914CDA}
	EndGlobalSection
EndGlobal
